
Microsoft Visual Studio Solution File, Format Version 12.00
# Visual Studio Version 17
VisualStudioVersion = 17.9.34616.47
MinimumVisualStudioVersion = 10.0.40219.1
Project("{9A19103F-16F7-4668-BE54-9A1E7A4F7556}") = "Camera", "Camera\Camera.csproj", "{3349AB68-6273-4AC6-9B75-627E25A7F152}"
EndProject
Project("{9A19103F-16F7-4668-BE54-9A1E7A4F7556}") = "Camera.DAL", "Camera.DAL\Camera.DAL.csproj", "{E32EFAC1-F159-4714-9124-904F27CBB1FC}"
EndProject
Project("{9A19103F-16F7-4668-BE54-9A1E7A4F7556}") = "Camera.BLL", "Camera.BLL\Camera.BLL.csproj", "{8959E827-FD24-40F9-A031-C62C2773AA9D}"
EndProject
Project("{2150E333-8FDC-42A3-9474-1A3956D46DE8}") = "Joint", "Joint", "{85AF62A2-3107-4AA2-971B-875FADFE88B1}"
EndProject
Project("{9A19103F-16F7-4668-BE54-9A1E7A4F7556}") = "Joint.Data", "Joint.Data\Joint.Data.csproj", "{D8C69E5C-6002-4726-ACEA-82AC515E7418}"
EndProject
Project("{2150E333-8FDC-42A3-9474-1A3956D46DE8}") = "Server", "Server", "{0040F4AE-CE01-4688-8F77-952FD43CAB65}"
EndProject
Project("{2150E333-8FDC-42A3-9474-1A3956D46DE8}") = "Client", "Client", "{7D8EE703-350B-4ADB-B8C1-D5F4DAF36761}"
EndProject
Project("{9A19103F-16F7-4668-BE54-9A1E7A4F7556}") = "Camera.UI", "Camera.UI\Camera.UI.csproj", "{B33BAFFE-A049-4011-81D0-08EDDFF0ED67}"
EndProject
Project("{FAE04EC0-301F-11D3-BF4B-00C04F79EFBC}") = "TestAPI", "TestAPI\TestAPI.csproj", "{751F8549-8031-4158-9EED-B1C79F3077E1}"
EndProject
Global
	GlobalSection(SolutionConfigurationPlatforms) = preSolution
		Debug|Any CPU = Debug|Any CPU
		Release|Any CPU = Release|Any CPU
	EndGlobalSection
	GlobalSection(ProjectConfigurationPlatforms) = postSolution
		{3349AB68-6273-4AC6-9B75-627E25A7F152}.Debug|Any CPU.ActiveCfg = Debug|Any CPU
		{3349AB68-6273-4AC6-9B75-627E25A7F152}.Debug|Any CPU.Build.0 = Debug|Any CPU
		{3349AB68-6273-4AC6-9B75-627E25A7F152}.Release|Any CPU.ActiveCfg = Release|Any CPU
		{3349AB68-6273-4AC6-9B75-627E25A7F152}.Release|Any CPU.Build.0 = Release|Any CPU
		{E32EFAC1-F159-4714-9124-904F27CBB1FC}.Debug|Any CPU.ActiveCfg = Debug|Any CPU
		{E32EFAC1-F159-4714-9124-904F27CBB1FC}.Debug|Any CPU.Build.0 = Debug|Any CPU
		{E32EFAC1-F159-4714-9124-904F27CBB1FC}.Release|Any CPU.ActiveCfg = Release|Any CPU
		{E32EFAC1-F159-4714-9124-904F27CBB1FC}.Release|Any CPU.Build.0 = Release|Any CPU
		{8959E827-FD24-40F9-A031-C62C2773AA9D}.Debug|Any CPU.ActiveCfg = Debug|Any CPU
		{8959E827-FD24-40F9-A031-C62C2773AA9D}.Debug|Any CPU.Build.0 = Debug|Any CPU
		{8959E827-FD24-40F9-A031-C62C2773AA9D}.Release|Any CPU.ActiveCfg = Release|Any CPU
		{8959E827-FD24-40F9-A031-C62C2773AA9D}.Release|Any CPU.Build.0 = Release|Any CPU
		{D8C69E5C-6002-4726-ACEA-82AC515E7418}.Debug|Any CPU.ActiveCfg = Debug|Any CPU
		{D8C69E5C-6002-4726-ACEA-82AC515E7418}.Debug|Any CPU.Build.0 = Debug|Any CPU
		{D8C69E5C-6002-4726-ACEA-82AC515E7418}.Release|Any CPU.ActiveCfg = Release|Any CPU
		{D8C69E5C-6002-4726-ACEA-82AC515E7418}.Release|Any CPU.Build.0 = Release|Any CPU
		{B33BAFFE-A049-4011-81D0-08EDDFF0ED67}.Debug|Any CPU.ActiveCfg = Debug|Any CPU
		{B33BAFFE-A049-4011-81D0-08EDDFF0ED67}.Debug|Any CPU.Build.0 = Debug|Any CPU
		{B33BAFFE-A049-4011-81D0-08EDDFF0ED67}.Release|Any CPU.ActiveCfg = Release|Any CPU
		{B33BAFFE-A049-4011-81D0-08EDDFF0ED67}.Release|Any CPU.Build.0 = Release|Any CPU
		{751F8549-8031-4158-9EED-B1C79F3077E1}.Debug|Any CPU.ActiveCfg = Debug|Any CPU
		{751F8549-8031-4158-9EED-B1C79F3077E1}.Debug|Any CPU.Build.0 = Debug|Any CPU
		{751F8549-8031-4158-9EED-B1C79F3077E1}.Release|Any CPU.ActiveCfg = Release|Any CPU
		{751F8549-8031-4158-9EED-B1C79F3077E1}.Release|Any CPU.Build.0 = Release|Any CPU
	EndGlobalSection
	GlobalSection(SolutionProperties) = preSolution
		HideSolutionNode = FALSE
	EndGlobalSection
	GlobalSection(NestedProjects) = preSolution
		{3349AB68-6273-4AC6-9B75-627E25A7F152} = {0040F4AE-CE01-4688-8F77-952FD43CAB65}
		{E32EFAC1-F159-4714-9124-904F27CBB1FC} = {0040F4AE-CE01-4688-8F77-952FD43CAB65}
		{8959E827-FD24-40F9-A031-C62C2773AA9D} = {0040F4AE-CE01-4688-8F77-952FD43CAB65}
		{D8C69E5C-6002-4726-ACEA-82AC515E7418} = {85AF62A2-3107-4AA2-971B-875FADFE88B1}
		{B33BAFFE-A049-4011-81D0-08EDDFF0ED67} = {7D8EE703-350B-4ADB-B8C1-D5F4DAF36761}
		{751F8549-8031-4158-9EED-B1C79F3077E1} = {0040F4AE-CE01-4688-8F77-952FD43CAB65}
	EndGlobalSection
	GlobalSection(ExtensibilityGlobals) = postSolution
		SolutionGuid = {4C83ACC2-0ECF-455B-B1D3-B70D66BAF396}
	EndGlobalSection
EndGlobal
